
Microsoft Visual Studio Solution File, Format Version 12.00
# Visual Studio 2013
VisualStudioVersion = 12.0.21005.1
MinimumVisualStudioVersion = 10.0.40219.1
Project("{8BC9CEB8-8B4A-11D0-8D11-00A0C91BC942}") = "OpenJI", "OpenJI.vcxproj", "{85126CE9-BBFF-43C0-B6B3-65805FBC8981}"
EndProject
Project("{8BC9CEB8-8B4A-11D0-8D11-00A0C91BC942}") = "Compiler", "..\Compiler\Compiler.vcxproj", "{96241A5D-EAEB-4B74-BF8E-52F67DDDA578}"
EndProject
Project("{8BC9CEB8-8B4A-11D0-8D11-00A0C91BC942}") = "Interpreter", "..\Interpreter\Interpreter.vcxproj", "{75AD0352-BB72-438B-827C-30E9F1962733}"
EndProject
Global
	GlobalSection(SolutionConfigurationPlatforms) = preSolution
		Debug|Win32 = Debug|Win32
		Release|Win32 = Release|Win32
	EndGlobalSection
	GlobalSection(ProjectConfigurationPlatforms) = postSolution
		{85126CE9-BBFF-43C0-B6B3-65805FBC8981}.Debug|Win32.ActiveCfg = Debug|Win32
		{85126CE9-BBFF-43C0-B6B3-65805FBC8981}.Debug|Win32.Build.0 = Debug|Win32
		{85126CE9-BBFF-43C0-B6B3-65805FBC8981}.Release|Win32.ActiveCfg = Release|Win32
		{85126CE9-BBFF-43C0-B6B3-65805FBC8981}.Release|Win32.Build.0 = Release|Win32
		{96241A5D-EAEB-4B74-BF8E-52F67DDDA578}.Debug|Win32.ActiveCfg = Debug|Win32
		{96241A5D-EAEB-4B74-BF8E-52F67DDDA578}.Debug|Win32.Build.0 = Debug|Win32
		{96241A5D-EAEB-4B74-BF8E-52F67DDDA578}.Release|Win32.ActiveCfg = Release|Win32
		{96241A5D-EAEB-4B74-BF8E-52F67DDDA578}.Release|Win32.Build.0 = Release|Win32
		{75AD0352-BB72-438B-827C-30E9F1962733}.Debug|Win32.ActiveCfg = Debug|Win32
		{75AD0352-BB72-438B-827C-30E9F1962733}.Debug|Win32.Build.0 = Debug|Win32
		{75AD0352-BB72-438B-827C-30E9F1962733}.Release|Win32.ActiveCfg = Release|Win32
		{75AD0352-BB72-438B-827C-30E9F1962733}.Release|Win32.Build.0 = Release|Win32
	EndGlobalSection
	GlobalSection(SolutionProperties) = preSolution
		HideSolutionNode = FALSE
	EndGlobalSection
EndGlobal
